
Microsoft Visual Studio Solution File, Format Version 12.00
# Visual Studio Version 17
VisualStudioVersion = 17.4.33213.308
MinimumVisualStudioVersion = 10.0.40219.1
Project("{9A19103F-16F7-4668-BE54-9A1E7A4F7556}") = "iotServer", "iotServer.csproj", "{71B55C9C-7F18-4C3B-A345-7C8D064EC459}"
EndProject
Project("{FAE04EC0-301F-11D3-BF4B-00C04F79EFBC}") = "iotServer_tests", "..\iotServer_tests\iotServer_tests.csproj", "{65B4708C-13A9-4EA7-A460-D48E0D5BB6D9}"
EndProject
Global
	GlobalSection(SolutionConfigurationPlatforms) = preSolution
		Debug|Any CPU = Debug|Any CPU
		Release|Any CPU = Release|Any CPU
	EndGlobalSection
	GlobalSection(ProjectConfigurationPlatforms) = postSolution
		{71B55C9C-7F18-4C3B-A345-7C8D064EC459}.Debug|Any CPU.ActiveCfg = Debug|Any CPU
		{71B55C9C-7F18-4C3B-A345-7C8D064EC459}.Debug|Any CPU.Build.0 = Debug|Any CPU
		{71B55C9C-7F18-4C3B-A345-7C8D064EC459}.Release|Any CPU.ActiveCfg = Release|Any CPU
		{71B55C9C-7F18-4C3B-A345-7C8D064EC459}.Release|Any CPU.Build.0 = Release|Any CPU
		{65B4708C-13A9-4EA7-A460-D48E0D5BB6D9}.Debug|Any CPU.ActiveCfg = Debug|Any CPU
		{65B4708C-13A9-4EA7-A460-D48E0D5BB6D9}.Debug|Any CPU.Build.0 = Debug|Any CPU
		{65B4708C-13A9-4EA7-A460-D48E0D5BB6D9}.Release|Any CPU.ActiveCfg = Release|Any CPU
		{65B4708C-13A9-4EA7-A460-D48E0D5BB6D9}.Release|Any CPU.Build.0 = Release|Any CPU
	EndGlobalSection
	GlobalSection(SolutionProperties) = preSolution
		HideSolutionNode = FALSE
	EndGlobalSection
	GlobalSection(ExtensibilityGlobals) = postSolution
		SolutionGuid = {3278DFF3-C8FA-48EB-AAA8-E95AC92CE6F8}
	EndGlobalSection
EndGlobal
